Microsoft Visual Studio Solution File, Format Version 12.00
# Visual Studio Version 17
VisualStudioVersion = 17.8.34004.107
MinimumVisualStudioVersion = 10.0.40219.1
Project("{2150E333-8FDC-42A3-9474-1A3956D46DE8}") = "Services", "Services", "{13BAFC88-5121-40D1-A62E-015667098D4A}"
EndProject
Project("{2150E333-8FDC-42A3-9474-1A3956D46DE8}") = "CouponService", "CouponService", "{7DB2D038-AB81-42F3-A016-FE76A264FA37}"
EndProject
Project("{2150E333-8FDC-42A3-9474-1A3956D46DE8}") = "SsoService", "SsoService", "{AD2F15A2-813D-422E-A37D-BED8810752C6}"
EndProject
Project("{9A19103F-16F7-4668-BE54-9A1E7A4F7556}") = "AppyNox.Services.Coupon.Application", "src\Services\CouponService\AppyNox.Services.Coupon.Application\AppyNox.Services.Coupon.Application.csproj", "{3DB023E9-CBF3-426F-B88D-880A245127C8}"
EndProject
Project("{9A19103F-16F7-4668-BE54-9A1E7A4F7556}") = "AppyNox.Services.Coupon.Domain", "src\Services\CouponService\AppyNox.Services.Coupon.Domain\AppyNox.Services.Coupon.Domain.csproj", "{07B0F981-2F18-4EB2-9581-3D561BB1D2D4}"
EndProject
Project("{9A19103F-16F7-4668-BE54-9A1E7A4F7556}") = "AppyNox.Services.Coupon.Infrastructure", "src\Services\CouponService\AppyNox.Services.Coupon.Infrastructure\AppyNox.Services.Coupon.Infrastructure.csproj", "{F911D5D1-7078-46E7-946B-E68DE5F849BF}"
EndProject
Project("{9A19103F-16F7-4668-BE54-9A1E7A4F7556}") = "AppyNox.Services.Coupon.WebAPI", "src\Services\CouponService\AppyNox.Services.Coupon.WebAPI\AppyNox.Services.Coupon.WebAPI.csproj", "{566BBC52-05A4-4629-BA78-25781BE4A360}"
EndProject
Project("{9A19103F-16F7-4668-BE54-9A1E7A4F7556}") = "AppyNox.Services.Sso.Application", "src\Services\SsoService\AppyNox.Services.Sso.Application\AppyNox.Services.Sso.Application.csproj", "{81CC2F92-1356-4A35-8FB0-FE409C11CDF4}"
EndProject
Project("{9A19103F-16F7-4668-BE54-9A1E7A4F7556}") = "AppyNox.Services.Sso.Infrastructure", "src\Services\SsoService\AppyNox.Services.Sso.Infrastructure\AppyNox.Services.Sso.Infrastructure.csproj", "{B2D6D09D-10E2-4015-A765-038A32259DE5}"
EndProject
Project("{9A19103F-16F7-4668-BE54-9A1E7A4F7556}") = "AppyNox.Services.Sso.WebAPI", "src\Services\SsoService\AppyNox.Services.Sso.WebAPI\AppyNox.Services.Sso.WebAPI.csproj", "{B2D3EB24-3B60-4F8F-80C7-9D07E8E22F36}"
EndProject
Project("{E53339B2-1760-4266-BCC7-CA923CBCF16C}") = "docker-compose", "docker-compose.dcproj", "{1A4309A8-D26E-4684-9717-B2AF2D6A1BEF}"
EndProject
Project("{2150E333-8FDC-42A3-9474-1A3956D46DE8}") = ".BaseService", ".BaseService", "{87C72E4A-C538-412C-8256-FCC0808B6B66}"
EndProject
Project("{9A19103F-16F7-4668-BE54-9A1E7A4F7556}") = "AppyNox.Services.Base.Infrastructure", "src\Services\.BaseService\AppyNox.Services.Base.Infrastructure\AppyNox.Services.Base.Infrastructure.csproj", "{8335B11D-B4C2-47CF-AA5D-D9E5534F0AF3}"
EndProject
Project("{9A19103F-16F7-4668-BE54-9A1E7A4F7556}") = "AppyNox.Services.Base.Domain", "src\Services\.BaseService\AppyNox.Services.Base.Domain\AppyNox.Services.Base.Domain.csproj", "{A673A4E1-B418-43D9-ADAE-B510D41C576E}"
EndProject
Project("{9A19103F-16F7-4668-BE54-9A1E7A4F7556}") = "AppyNox.Services.Base.Application", "src\Services\.BaseService\AppyNox.Services.Base.Application\AppyNox.Services.Base.Application.csproj", "{2EC376A3-DD57-487F-AFBC-6754A1DE7421}"
EndProject
Project("{2150E333-8FDC-42A3-9474-1A3956D46DE8}") = "Gateways", "Gateways", "{C1B4F7CE-9281-43C2-A02F-4B7B3946E9DA}"
EndProject
Project("{9A19103F-16F7-4668-BE54-9A1E7A4F7556}") = "AppyNox.Services.Base.API", "src\Services\.BaseService\AppyNox.Services.Base.API\AppyNox.Services.Base.API.csproj", "{0549A281-4633-4993-B4C8-3DAA03B145C7}"
EndProject
Project("{9A19103F-16F7-4668-BE54-9A1E7A4F7556}") = "AppyNox.Gateway.OcelotGateway", "src\Gateways\AppyNox.Gateway.OcelotGateway\AppyNox.Gateway.OcelotGateway.csproj", "{0AEE4226-5753-4E72-A4D2-FACB5C8D863A}"
EndProject
Project("{2150E333-8FDC-42A3-9474-1A3956D46DE8}") = "Tests", "Tests", "{5BAC57A7-56E7-4E7C-9118-24F61870BA91}"
EndProject
Project("{2150E333-8FDC-42A3-9474-1A3956D46DE8}") = "UnitTests", "UnitTests", "{ACE959CF-8213-4670-A525-7FE188336843}"
EndProject
Project("{9A19103F-16F7-4668-BE54-9A1E7A4F7556}") = "AppyNox.Services.Coupon.Infrastructure.UnitTest", "src\Services\CouponService\Tests\UnitTests\AppyNox.Services.Coupon.Infrastructure.UnitTest\AppyNox.Services.Coupon.Infrastructure.UnitTest.csproj", "{05B687CB-E54A-4705-955C-5CA6AF7E9F25}"
EndProject
Project("{2150E333-8FDC-42A3-9474-1A3956D46DE8}") = "Tests", "Tests", "{A21BCC3E-A75C-40B5-91B1-2253953B59AA}"
EndProject
Project("{2150E333-8FDC-42A3-9474-1A3956D46DE8}") = "UnitTests", "UnitTests", "{14E3528C-2F6B-4296-BAD1-E91F32F679EC}"
EndProject
Project("{9A19103F-16F7-4668-BE54-9A1E7A4F7556}") = "AppyNox.Services.Base.Infrastructure.UnitTest", "src\Services\.BaseService\Tests\UnitTests\AppyNox.Services.Base.Infrastructure.UnitTest\AppyNox.Services.Base.Infrastructure.UnitTest.csproj", "{10490B79-2C4D-4B86-83DF-A2574AD3DE04}"
EndProject
Project("{9A19103F-16F7-4668-BE54-9A1E7A4F7556}") = "AppyNox.Services.Coupon.Application.UnitTest", "src\Services\CouponService\Tests\UnitTests\AppyNox.Services.Coupon.Application.UnitTest\AppyNox.Services.Coupon.Application.UnitTest.csproj", "{44427A10-C34F-441E-AE0D-EE1B09D991A6}"
EndProject
Project("{2150E333-8FDC-42A3-9474-1A3956D46DE8}") = "IntegrationTests", "IntegrationTests", "{9C257B11-A2A1-4E1E-88DD-845E02E0B60F}"
EndProject
Project("{2150E333-8FDC-42A3-9474-1A3956D46DE8}") = "IntegrationTests", "IntegrationTests", "{7D9414BD-3672-4CD5-BD70-79C31A3C50D2}"
EndProject
Project("{9A19103F-16F7-4668-BE54-9A1E7A4F7556}") = "AppyNox.Services.Base.IntegrationTests", "src\Services\.BaseService\Tests\IntegrationTests\AppyNox.Services.Base.IntegrationTests\AppyNox.Services.Base.IntegrationTests.csproj", "{120B7821-549C-4C48-B381-B8BD0A705AAD}"
EndProject
Project("{9A19103F-16F7-4668-BE54-9A1E7A4F7556}") = "AppyNox.Services.Base.Infrastructure.UnitTests", "src\Services\.BaseService\Tests\UnitTests\AppyNox.Services.Base.Infrastructure.UnitTests\AppyNox.Services.Base.Infrastructure.UnitTests.csproj", "{2A9714FE-3DF3-42C8-9D76-800A47804AAD}"
EndProject
Project("{9A19103F-16F7-4668-BE54-9A1E7A4F7556}") = "AppyNox.Services.Base.Application.UnitTests", "src\Services\.BaseService\Tests\UnitTests\AppyNox.Services.Base.Application.UnitTests\AppyNox.Services.Base.Application.UnitTests.csproj", "{5C03E3CF-6ACB-4C50-9EC5-8A3A620A643D}"
EndProject
Project("{2150E333-8FDC-42A3-9474-1A3956D46DE8}") = "LicenseService", "LicenseService", "{351EC289-7778-4519-8478-D7DDBD3F5377}"
EndProject
Project("{9A19103F-16F7-4668-BE54-9A1E7A4F7556}") = "AppyNox.Services.License.Application", "src\Services\LicenseService\AppyNox.Services.License.Application\AppyNox.Services.License.Application.csproj", "{EF4E3CBE-23CA-4CC2-93E9-64FB81C74AE5}"
EndProject
Project("{9A19103F-16F7-4668-BE54-9A1E7A4F7556}") = "AppyNox.Services.License.Domain", "src\Services\LicenseService\AppyNox.Services.License.Domain\AppyNox.Services.License.Domain.csproj", "{FB07869D-2C22-4570-98E2-F3242525C8B7}"
EndProject
Project("{9A19103F-16F7-4668-BE54-9A1E7A4F7556}") = "AppyNox.Services.License.Infrastructure", "src\Services\LicenseService\AppyNox.Services.License.Infrastructure\AppyNox.Services.License.Infrastructure.csproj", "{10EEECD9-C904-409B-A8FB-5A0B8284AA00}"
EndProject
Project("{9A19103F-16F7-4668-BE54-9A1E7A4F7556}") = "AppyNox.Services.License.WebAPI", "src\Services\LicenseService\AppyNox.Services.License.WebAPI\AppyNox.Services.License.WebAPI.csproj", "{35AA460C-60F9-4CDB-BAEA-6A5BACBAE113}"
EndProject
Project("{2150E333-8FDC-42A3-9474-1A3956D46DE8}") = "Tests", "Tests", "{5D51621B-921B-46E8-8010-B76AFC15EC1B}"
EndProject
Project("{2150E333-8FDC-42A3-9474-1A3956D46DE8}") = "UnitTests", "UnitTests", "{55668641-B055-4BC1-93E7-C26ECE90FFF5}"
EndProject
Project("{9A19103F-16F7-4668-BE54-9A1E7A4F7556}") = "AppyNox.Services.License.Infrastructure.UnitTest", "src\Services\LicenseService\Tests\UnitTests\AppyNox.Services.License.Infrastructure.UnitTest\AppyNox.Services.License.Infrastructure.UnitTest.csproj", "{83F010C0-0973-4CCC-8F5D-AB478408CEB1}"
EndProject
Project("{9A19103F-16F7-4668-BE54-9A1E7A4F7556}") = "AppyNox.Services.License.Application.UnitTest", "src\Services\LicenseService\Tests\UnitTests\AppyNox.Services.License.Application.UnitTest\AppyNox.Services.License.Application.UnitTest.csproj", "{B5EA5D7E-6025-465C-A316-B8E0CCB642E2}"
EndProject
Project("{2150E333-8FDC-42A3-9474-1A3956D46DE8}") = "IntegrationTests", "IntegrationTests", "{3918B21B-EEBD-45CF-BD3C-CF80E83772BF}"
EndProject
Project("{9A19103F-16F7-4668-BE54-9A1E7A4F7556}") = "AppyNox.Services.License.WebAPI.IntegrationTest", "src\Services\LicenseService\Tests\IntegrationTests\AppyNox.Services.License.WebAPI.IntegrationTest\AppyNox.Services.License.WebAPI.IntegrationTest.csproj", "{E9769402-62F5-4737-A787-905308BE0686}"
EndProject
Project("{9A19103F-16F7-4668-BE54-9A1E7A4F7556}") = "AppyNox.Services.Coupon.WebAPI.IntegrationTest", "src\Services\CouponService\Tests\IntegrationTests\AppyNox.Services.Coupon.WebAPI.IntegrationTest\AppyNox.Services.Coupon.WebAPI.IntegrationTest.csproj", "{A1000BC1-497E-445D-ABF9-8C139C929FCC}"
EndProject
Project("{9A19103F-16F7-4668-BE54-9A1E7A4F7556}") = "AppyNox.Services.License.SharedEvents", "src\Services\LicenseService\AppyNox.Services.License.SharedEvents\AppyNox.Services.License.SharedEvents.csproj", "{15E3DB28-642C-4210-9167-DCDA8D6018CB}"
EndProject
Project("{9A19103F-16F7-4668-BE54-9A1E7A4F7556}") = "AppyNox.Services.Sso.SharedEvents", "src\Services\SsoService\AppyNox.Services.Sso.SharedEvents\AppyNox.Services.Sso.SharedEvents.csproj", "{E5C49166-2286-4417-9E47-CED80D0E5192}"
EndProject
Project("{9A19103F-16F7-4668-BE54-9A1E7A4F7556}") = "AppyNox.Services.Sso.Domain", "src\Services\SsoService\AppyNox.Services.Sso.Domain\AppyNox.Services.Sso.Domain.csproj", "{B53C828E-9CB3-4BF1-91E4-40ABDA18B104}"
EndProject
Project("{2150E333-8FDC-42A3-9474-1A3956D46DE8}") = "Tests", "Tests", "{C17866BD-9B28-4516-B3D7-FCBEFE171801}"
EndProject
Project("{2150E333-8FDC-42A3-9474-1A3956D46DE8}") = "UnitTests", "UnitTests", "{1721927B-A87B-435F-A8D0-6704AE2C9BCD}"
EndProject
Project("{9A19103F-16F7-4668-BE54-9A1E7A4F7556}") = "AppyNox.Services.Sso.Application.UnitTest", "src\Services\SsoService\Tests\UnitTests\AppyNox.Services.Sso.Application.UnitTest\AppyNox.Services.Sso.Application.UnitTest.csproj", "{408D5534-752C-4A8F-9152-C9CF6F4BA771}"
EndProject
Project("{9A19103F-16F7-4668-BE54-9A1E7A4F7556}") = "AppyNox.Services.Sso.WebAPI.UnitTest", "src\Services\SsoService\Tests\UnitTests\AppyNox.Services.Sso.WebAPI.UnitTest\AppyNox.Services.Sso.WebAPI.UnitTest.csproj", "{D68FA5A8-B7F9-4254-AB45-DE8865307B71}"
EndProject
Project("{9A19103F-16F7-4668-BE54-9A1E7A4F7556}") = "AppyNox.Services.Base.Core", "src\Services\.BaseService\AppyNox.Services.Base.Core\AppyNox.Services.Base.Core.csproj", "{1B30A1FB-30EA-41ED-B2CE-168447E57F62}"
EndProject
Project("{9A19103F-16F7-4668-BE54-9A1E7A4F7556}") = "AppyNox.Services.Base.Api.UnitTest", "src\Services\.BaseService\Tests\UnitTests\AppyNox.Services.Base.Api.UnitTest\AppyNox.Services.Base.Api.UnitTest.csproj", "{E6F09B37-DBB4-45BD-B81A-72A610BBE021}"
EndProject
Project("{2150E333-8FDC-42A3-9474-1A3956D46DE8}") = "IntegrationTests", "IntegrationTests", "{5D153F77-0942-4DA5-8655-AEDB92339738}"
EndProject
Project("{9A19103F-16F7-4668-BE54-9A1E7A4F7556}") = "AppyNox.Services.Sso.WebAPI.IntegrationTest", "src\Services\SsoService\Tests\IntegrationTests\AppyNox.Services.Sso.WebAPI.IntegrationTest\AppyNox.Services.Sso.WebAPI.IntegrationTest.csproj", "{6D36FEB5-B1D5-4E6D-B3B4-18531447D5F7}"
EndProject
Project("{2150E333-8FDC-42A3-9474-1A3956D46DE8}") = "Benchmarks", "Benchmarks", "{909B33DD-BC66-411C-9CDD-27FCFB39A11E}"
EndProject
Project("{9A19103F-16F7-4668-BE54-9A1E7A4F7556}") = "AppyNox.Services.Coupon.Benchmark", "src\Services\CouponService\Tests\Benchmarks\AppyNox.Services.Coupon.Benchmark\AppyNox.Services.Coupon.Benchmark.csproj", "{BB4BC444-008B-475A-9A8D-6F64FFE6B67F}"
EndProject
Global
	GlobalSection(SolutionConfigurationPlatforms) = preSolution
		Debug|Any CPU = Debug|Any CPU
		Release|Any CPU = Release|Any CPU
	EndGlobalSection
	GlobalSection(ProjectConfigurationPlatforms) = postSolution
		{3DB023E9-CBF3-426F-B88D-880A245127C8}.Debug|Any CPU.ActiveCfg = Debug|Any CPU
		{3DB023E9-CBF3-426F-B88D-880A245127C8}.Debug|Any CPU.Build.0 = Debug|Any CPU
		{3DB023E9-CBF3-426F-B88D-880A245127C8}.Release|Any CPU.ActiveCfg = Release|Any CPU
		{3DB023E9-CBF3-426F-B88D-880A245127C8}.Release|Any CPU.Build.0 = Release|Any CPU
		{07B0F981-2F18-4EB2-9581-3D561BB1D2D4}.Debug|Any CPU.ActiveCfg = Debug|Any CPU
		{07B0F981-2F18-4EB2-9581-3D561BB1D2D4}.Debug|Any CPU.Build.0 = Debug|Any CPU
		{07B0F981-2F18-4EB2-9581-3D561BB1D2D4}.Release|Any CPU.ActiveCfg = Release|Any CPU
		{07B0F981-2F18-4EB2-9581-3D561BB1D2D4}.Release|Any CPU.Build.0 = Release|Any CPU
		{F911D5D1-7078-46E7-946B-E68DE5F849BF}.Debug|Any CPU.ActiveCfg = Debug|Any CPU
		{F911D5D1-7078-46E7-946B-E68DE5F849BF}.Debug|Any CPU.Build.0 = Debug|Any CPU
		{F911D5D1-7078-46E7-946B-E68DE5F849BF}.Release|Any CPU.ActiveCfg = Release|Any CPU
		{F911D5D1-7078-46E7-946B-E68DE5F849BF}.Release|Any CPU.Build.0 = Release|Any CPU
		{566BBC52-05A4-4629-BA78-25781BE4A360}.Debug|Any CPU.ActiveCfg = Debug|Any CPU
		{566BBC52-05A4-4629-BA78-25781BE4A360}.Debug|Any CPU.Build.0 = Debug|Any CPU
		{566BBC52-05A4-4629-BA78-25781BE4A360}.Release|Any CPU.ActiveCfg = Release|Any CPU
		{566BBC52-05A4-4629-BA78-25781BE4A360}.Release|Any CPU.Build.0 = Release|Any CPU
		{81CC2F92-1356-4A35-8FB0-FE409C11CDF4}.Debug|Any CPU.ActiveCfg = Debug|Any CPU
		{81CC2F92-1356-4A35-8FB0-FE409C11CDF4}.Debug|Any CPU.Build.0 = Debug|Any CPU
		{81CC2F92-1356-4A35-8FB0-FE409C11CDF4}.Release|Any CPU.ActiveCfg = Release|Any CPU
		{81CC2F92-1356-4A35-8FB0-FE409C11CDF4}.Release|Any CPU.Build.0 = Release|Any CPU
		{B2D6D09D-10E2-4015-A765-038A32259DE5}.Debug|Any CPU.ActiveCfg = Debug|Any CPU
		{B2D6D09D-10E2-4015-A765-038A32259DE5}.Debug|Any CPU.Build.0 = Debug|Any CPU
		{B2D6D09D-10E2-4015-A765-038A32259DE5}.Release|Any CPU.ActiveCfg = Release|Any CPU
		{B2D6D09D-10E2-4015-A765-038A32259DE5}.Release|Any CPU.Build.0 = Release|Any CPU
		{B2D3EB24-3B60-4F8F-80C7-9D07E8E22F36}.Debug|Any CPU.ActiveCfg = Debug|Any CPU
		{B2D3EB24-3B60-4F8F-80C7-9D07E8E22F36}.Debug|Any CPU.Build.0 = Debug|Any CPU
		{B2D3EB24-3B60-4F8F-80C7-9D07E8E22F36}.Release|Any CPU.ActiveCfg = Release|Any CPU
		{B2D3EB24-3B60-4F8F-80C7-9D07E8E22F36}.Release|Any CPU.Build.0 = Release|Any CPU
		{1A4309A8-D26E-4684-9717-B2AF2D6A1BEF}.Debug|Any CPU.ActiveCfg = Debug|Any CPU
		{1A4309A8-D26E-4684-9717-B2AF2D6A1BEF}.Debug|Any CPU.Build.0 = Debug|Any CPU
		{1A4309A8-D26E-4684-9717-B2AF2D6A1BEF}.Release|Any CPU.ActiveCfg = Release|Any CPU
		{1A4309A8-D26E-4684-9717-B2AF2D6A1BEF}.Release|Any CPU.Build.0 = Release|Any CPU
		{8335B11D-B4C2-47CF-AA5D-D9E5534F0AF3}.Debug|Any CPU.ActiveCfg = Debug|Any CPU
		{8335B11D-B4C2-47CF-AA5D-D9E5534F0AF3}.Debug|Any CPU.Build.0 = Debug|Any CPU
		{8335B11D-B4C2-47CF-AA5D-D9E5534F0AF3}.Release|Any CPU.ActiveCfg = Release|Any CPU
		{8335B11D-B4C2-47CF-AA5D-D9E5534F0AF3}.Release|Any CPU.Build.0 = Release|Any CPU
		{A673A4E1-B418-43D9-ADAE-B510D41C576E}.Debug|Any CPU.ActiveCfg = Debug|Any CPU
		{A673A4E1-B418-43D9-ADAE-B510D41C576E}.Debug|Any CPU.Build.0 = Debug|Any CPU
		{A673A4E1-B418-43D9-ADAE-B510D41C576E}.Release|Any CPU.ActiveCfg = Release|Any CPU
		{A673A4E1-B418-43D9-ADAE-B510D41C576E}.Release|Any CPU.Build.0 = Release|Any CPU
		{2EC376A3-DD57-487F-AFBC-6754A1DE7421}.Debug|Any CPU.ActiveCfg = Debug|Any CPU
		{2EC376A3-DD57-487F-AFBC-6754A1DE7421}.Debug|Any CPU.Build.0 = Debug|Any CPU
		{2EC376A3-DD57-487F-AFBC-6754A1DE7421}.Release|Any CPU.ActiveCfg = Release|Any CPU
		{2EC376A3-DD57-487F-AFBC-6754A1DE7421}.Release|Any CPU.Build.0 = Release|Any CPU
		{0549A281-4633-4993-B4C8-3DAA03B145C7}.Debug|Any CPU.ActiveCfg = Debug|Any CPU
		{0549A281-4633-4993-B4C8-3DAA03B145C7}.Debug|Any CPU.Build.0 = Debug|Any CPU
		{0549A281-4633-4993-B4C8-3DAA03B145C7}.Release|Any CPU.ActiveCfg = Release|Any CPU
		{0549A281-4633-4993-B4C8-3DAA03B145C7}.Release|Any CPU.Build.0 = Release|Any CPU
		{0AEE4226-5753-4E72-A4D2-FACB5C8D863A}.Debug|Any CPU.ActiveCfg = Debug|Any CPU
		{0AEE4226-5753-4E72-A4D2-FACB5C8D863A}.Debug|Any CPU.Build.0 = Debug|Any CPU
		{0AEE4226-5753-4E72-A4D2-FACB5C8D863A}.Release|Any CPU.ActiveCfg = Release|Any CPU
		{0AEE4226-5753-4E72-A4D2-FACB5C8D863A}.Release|Any CPU.Build.0 = Release|Any CPU
		{05B687CB-E54A-4705-955C-5CA6AF7E9F25}.Debug|Any CPU.ActiveCfg = Debug|Any CPU
		{05B687CB-E54A-4705-955C-5CA6AF7E9F25}.Debug|Any CPU.Build.0 = Debug|Any CPU
		{05B687CB-E54A-4705-955C-5CA6AF7E9F25}.Release|Any CPU.ActiveCfg = Release|Any CPU
		{05B687CB-E54A-4705-955C-5CA6AF7E9F25}.Release|Any CPU.Build.0 = Release|Any CPU
		{10490B79-2C4D-4B86-83DF-A2574AD3DE04}.Debug|Any CPU.ActiveCfg = Debug|Any CPU
		{10490B79-2C4D-4B86-83DF-A2574AD3DE04}.Debug|Any CPU.Build.0 = Debug|Any CPU
		{10490B79-2C4D-4B86-83DF-A2574AD3DE04}.Release|Any CPU.ActiveCfg = Release|Any CPU
		{10490B79-2C4D-4B86-83DF-A2574AD3DE04}.Release|Any CPU.Build.0 = Release|Any CPU
		{44427A10-C34F-441E-AE0D-EE1B09D991A6}.Debug|Any CPU.ActiveCfg = Debug|Any CPU
		{44427A10-C34F-441E-AE0D-EE1B09D991A6}.Debug|Any CPU.Build.0 = Debug|Any CPU
		{44427A10-C34F-441E-AE0D-EE1B09D991A6}.Release|Any CPU.ActiveCfg = Release|Any CPU
		{44427A10-C34F-441E-AE0D-EE1B09D991A6}.Release|Any CPU.Build.0 = Release|Any CPU
		{120B7821-549C-4C48-B381-B8BD0A705AAD}.Debug|Any CPU.ActiveCfg = Debug|Any CPU
		{120B7821-549C-4C48-B381-B8BD0A705AAD}.Debug|Any CPU.Build.0 = Debug|Any CPU
		{120B7821-549C-4C48-B381-B8BD0A705AAD}.Release|Any CPU.ActiveCfg = Release|Any CPU
		{120B7821-549C-4C48-B381-B8BD0A705AAD}.Release|Any CPU.Build.0 = Release|Any CPU
		{2A9714FE-3DF3-42C8-9D76-800A47804AAD}.Debug|Any CPU.ActiveCfg = Debug|Any CPU
		{2A9714FE-3DF3-42C8-9D76-800A47804AAD}.Debug|Any CPU.Build.0 = Debug|Any CPU
		{2A9714FE-3DF3-42C8-9D76-800A47804AAD}.Release|Any CPU.ActiveCfg = Release|Any CPU
		{2A9714FE-3DF3-42C8-9D76-800A47804AAD}.Release|Any CPU.Build.0 = Release|Any CPU
		{5C03E3CF-6ACB-4C50-9EC5-8A3A620A643D}.Debug|Any CPU.ActiveCfg = Debug|Any CPU
		{5C03E3CF-6ACB-4C50-9EC5-8A3A620A643D}.Debug|Any CPU.Build.0 = Debug|Any CPU
		{5C03E3CF-6ACB-4C50-9EC5-8A3A620A643D}.Release|Any CPU.ActiveCfg = Release|Any CPU
		{5C03E3CF-6ACB-4C50-9EC5-8A3A620A643D}.Release|Any CPU.Build.0 = Release|Any CPU
		{EF4E3CBE-23CA-4CC2-93E9-64FB81C74AE5}.Debug|Any CPU.ActiveCfg = Debug|Any CPU
		{EF4E3CBE-23CA-4CC2-93E9-64FB81C74AE5}.Debug|Any CPU.Build.0 = Debug|Any CPU
		{EF4E3CBE-23CA-4CC2-93E9-64FB81C74AE5}.Release|Any CPU.ActiveCfg = Release|Any CPU
		{EF4E3CBE-23CA-4CC2-93E9-64FB81C74AE5}.Release|Any CPU.Build.0 = Release|Any CPU
		{FB07869D-2C22-4570-98E2-F3242525C8B7}.Debug|Any CPU.ActiveCfg = Debug|Any CPU
		{FB07869D-2C22-4570-98E2-F3242525C8B7}.Debug|Any CPU.Build.0 = Debug|Any CPU
		{FB07869D-2C22-4570-98E2-F3242525C8B7}.Release|Any CPU.ActiveCfg = Release|Any CPU
		{FB07869D-2C22-4570-98E2-F3242525C8B7}.Release|Any CPU.Build.0 = Release|Any CPU
		{10EEECD9-C904-409B-A8FB-5A0B8284AA00}.Debug|Any CPU.ActiveCfg = Debug|Any CPU
		{10EEECD9-C904-409B-A8FB-5A0B8284AA00}.Debug|Any CPU.Build.0 = Debug|Any CPU
		{10EEECD9-C904-409B-A8FB-5A0B8284AA00}.Release|Any CPU.ActiveCfg = Release|Any CPU
		{10EEECD9-C904-409B-A8FB-5A0B8284AA00}.Release|Any CPU.Build.0 = Release|Any CPU
		{35AA460C-60F9-4CDB-BAEA-6A5BACBAE113}.Debug|Any CPU.ActiveCfg = Debug|Any CPU
		{35AA460C-60F9-4CDB-BAEA-6A5BACBAE113}.Debug|Any CPU.Build.0 = Debug|Any CPU
		{35AA460C-60F9-4CDB-BAEA-6A5BACBAE113}.Release|Any CPU.ActiveCfg = Release|Any CPU
		{35AA460C-60F9-4CDB-BAEA-6A5BACBAE113}.Release|Any CPU.Build.0 = Release|Any CPU
		{83F010C0-0973-4CCC-8F5D-AB478408CEB1}.Debug|Any CPU.ActiveCfg = Debug|Any CPU
		{83F010C0-0973-4CCC-8F5D-AB478408CEB1}.Debug|Any CPU.Build.0 = Debug|Any CPU
		{83F010C0-0973-4CCC-8F5D-AB478408CEB1}.Release|Any CPU.ActiveCfg = Release|Any CPU
		{83F010C0-0973-4CCC-8F5D-AB478408CEB1}.Release|Any CPU.Build.0 = Release|Any CPU
		{B5EA5D7E-6025-465C-A316-B8E0CCB642E2}.Debug|Any CPU.ActiveCfg = Debug|Any CPU
		{B5EA5D7E-6025-465C-A316-B8E0CCB642E2}.Debug|Any CPU.Build.0 = Debug|Any CPU
		{B5EA5D7E-6025-465C-A316-B8E0CCB642E2}.Release|Any CPU.ActiveCfg = Release|Any CPU
		{B5EA5D7E-6025-465C-A316-B8E0CCB642E2}.Release|Any CPU.Build.0 = Release|Any CPU
		{E9769402-62F5-4737-A787-905308BE0686}.Debug|Any CPU.ActiveCfg = Debug|Any CPU
		{E9769402-62F5-4737-A787-905308BE0686}.Debug|Any CPU.Build.0 = Debug|Any CPU
		{E9769402-62F5-4737-A787-905308BE0686}.Release|Any CPU.ActiveCfg = Release|Any CPU
		{E9769402-62F5-4737-A787-905308BE0686}.Release|Any CPU.Build.0 = Release|Any CPU
		{A1000BC1-497E-445D-ABF9-8C139C929FCC}.Debug|Any CPU.ActiveCfg = Debug|Any CPU
		{A1000BC1-497E-445D-ABF9-8C139C929FCC}.Debug|Any CPU.Build.0 = Debug|Any CPU
		{A1000BC1-497E-445D-ABF9-8C139C929FCC}.Release|Any CPU.ActiveCfg = Release|Any CPU
		{A1000BC1-497E-445D-ABF9-8C139C929FCC}.Release|Any CPU.Build.0 = Release|Any CPU
		{15E3DB28-642C-4210-9167-DCDA8D6018CB}.Debug|Any CPU.ActiveCfg = Debug|Any CPU
		{15E3DB28-642C-4210-9167-DCDA8D6018CB}.Debug|Any CPU.Build.0 = Debug|Any CPU
		{15E3DB28-642C-4210-9167-DCDA8D6018CB}.Release|Any CPU.ActiveCfg = Release|Any CPU
		{15E3DB28-642C-4210-9167-DCDA8D6018CB}.Release|Any CPU.Build.0 = Release|Any CPU
		{E5C49166-2286-4417-9E47-CED80D0E5192}.Debug|Any CPU.ActiveCfg = Debug|Any CPU
		{E5C49166-2286-4417-9E47-CED80D0E5192}.Debug|Any CPU.Build.0 = Debug|Any CPU
		{E5C49166-2286-4417-9E47-CED80D0E5192}.Release|Any CPU.ActiveCfg = Release|Any CPU
		{E5C49166-2286-4417-9E47-CED80D0E5192}.Release|Any CPU.Build.0 = Release|Any CPU
		{B53C828E-9CB3-4BF1-91E4-40ABDA18B104}.Debug|Any CPU.ActiveCfg = Debug|Any CPU
		{B53C828E-9CB3-4BF1-91E4-40ABDA18B104}.Debug|Any CPU.Build.0 = Debug|Any CPU
		{B53C828E-9CB3-4BF1-91E4-40ABDA18B104}.Release|Any CPU.ActiveCfg = Release|Any CPU
		{B53C828E-9CB3-4BF1-91E4-40ABDA18B104}.Release|Any CPU.Build.0 = Release|Any CPU
		{408D5534-752C-4A8F-9152-C9CF6F4BA771}.Debug|Any CPU.ActiveCfg = Debug|Any CPU
		{408D5534-752C-4A8F-9152-C9CF6F4BA771}.Debug|Any CPU.Build.0 = Debug|Any CPU
		{408D5534-752C-4A8F-9152-C9CF6F4BA771}.Release|Any CPU.ActiveCfg = Release|Any CPU
		{408D5534-752C-4A8F-9152-C9CF6F4BA771}.Release|Any CPU.Build.0 = Release|Any CPU
		{D68FA5A8-B7F9-4254-AB45-DE8865307B71}.Debug|Any CPU.ActiveCfg = Debug|Any CPU
		{D68FA5A8-B7F9-4254-AB45-DE8865307B71}.Debug|Any CPU.Build.0 = Debug|Any CPU
		{D68FA5A8-B7F9-4254-AB45-DE8865307B71}.Release|Any CPU.ActiveCfg = Release|Any CPU
		{D68FA5A8-B7F9-4254-AB45-DE8865307B71}.Release|Any CPU.Build.0 = Release|Any CPU
		{1B30A1FB-30EA-41ED-B2CE-168447E57F62}.Debug|Any CPU.ActiveCfg = Debug|Any CPU
		{1B30A1FB-30EA-41ED-B2CE-168447E57F62}.Debug|Any CPU.Build.0 = Debug|Any CPU
		{1B30A1FB-30EA-41ED-B2CE-168447E57F62}.Release|Any CPU.ActiveCfg = Release|Any CPU
		{1B30A1FB-30EA-41ED-B2CE-168447E57F62}.Release|Any CPU.Build.0 = Release|Any CPU
		{E6F09B37-DBB4-45BD-B81A-72A610BBE021}.Debug|Any CPU.ActiveCfg = Debug|Any CPU
		{E6F09B37-DBB4-45BD-B81A-72A610BBE021}.Debug|Any CPU.Build.0 = Debug|Any CPU
		{E6F09B37-DBB4-45BD-B81A-72A610BBE021}.Release|Any CPU.ActiveCfg = Release|Any CPU
		{E6F09B37-DBB4-45BD-B81A-72A610BBE021}.Release|Any CPU.Build.0 = Release|Any CPU
		{6D36FEB5-B1D5-4E6D-B3B4-18531447D5F7}.Debug|Any CPU.ActiveCfg = Debug|Any CPU
		{6D36FEB5-B1D5-4E6D-B3B4-18531447D5F7}.Debug|Any CPU.Build.0 = Debug|Any CPU
		{6D36FEB5-B1D5-4E6D-B3B4-18531447D5F7}.Release|Any CPU.ActiveCfg = Release|Any CPU
		{6D36FEB5-B1D5-4E6D-B3B4-18531447D5F7}.Release|Any CPU.Build.0 = Release|Any CPU
		{BB4BC444-008B-475A-9A8D-6F64FFE6B67F}.Debug|Any CPU.ActiveCfg = Debug|Any CPU
		{BB4BC444-008B-475A-9A8D-6F64FFE6B67F}.Debug|Any CPU.Build.0 = Debug|Any CPU
		{BB4BC444-008B-475A-9A8D-6F64FFE6B67F}.Release|Any CPU.ActiveCfg = Release|Any CPU
		{BB4BC444-008B-475A-9A8D-6F64FFE6B67F}.Release|Any CPU.Build.0 = Release|Any CPU
	EndGlobalSection
	GlobalSection(SolutionProperties) = preSolution
		HideSolutionNode = FALSE
	EndGlobalSection
	GlobalSection(NestedProjects) = preSolution
		{7DB2D038-AB81-42F3-A016-FE76A264FA37} = {13BAFC88-5121-40D1-A62E-015667098D4A}
		{AD2F15A2-813D-422E-A37D-BED8810752C6} = {13BAFC88-5121-40D1-A62E-015667098D4A}
		{3DB023E9-CBF3-426F-B88D-880A245127C8} = {7DB2D038-AB81-42F3-A016-FE76A264FA37}
		{07B0F981-2F18-4EB2-9581-3D561BB1D2D4} = {7DB2D038-AB81-42F3-A016-FE76A264FA37}
		{F911D5D1-7078-46E7-946B-E68DE5F849BF} = {7DB2D038-AB81-42F3-A016-FE76A264FA37}
		{566BBC52-05A4-4629-BA78-25781BE4A360} = {7DB2D038-AB81-42F3-A016-FE76A264FA37}
		{81CC2F92-1356-4A35-8FB0-FE409C11CDF4} = {AD2F15A2-813D-422E-A37D-BED8810752C6}
		{B2D6D09D-10E2-4015-A765-038A32259DE5} = {AD2F15A2-813D-422E-A37D-BED8810752C6}
		{B2D3EB24-3B60-4F8F-80C7-9D07E8E22F36} = {AD2F15A2-813D-422E-A37D-BED8810752C6}
		{87C72E4A-C538-412C-8256-FCC0808B6B66} = {13BAFC88-5121-40D1-A62E-015667098D4A}
		{8335B11D-B4C2-47CF-AA5D-D9E5534F0AF3} = {87C72E4A-C538-412C-8256-FCC0808B6B66}
		{A673A4E1-B418-43D9-ADAE-B510D41C576E} = {87C72E4A-C538-412C-8256-FCC0808B6B66}
		{2EC376A3-DD57-487F-AFBC-6754A1DE7421} = {87C72E4A-C538-412C-8256-FCC0808B6B66}
		{0549A281-4633-4993-B4C8-3DAA03B145C7} = {87C72E4A-C538-412C-8256-FCC0808B6B66}
		{0AEE4226-5753-4E72-A4D2-FACB5C8D863A} = {C1B4F7CE-9281-43C2-A02F-4B7B3946E9DA}
		{5BAC57A7-56E7-4E7C-9118-24F61870BA91} = {7DB2D038-AB81-42F3-A016-FE76A264FA37}
		{ACE959CF-8213-4670-A525-7FE188336843} = {5BAC57A7-56E7-4E7C-9118-24F61870BA91}
		{05B687CB-E54A-4705-955C-5CA6AF7E9F25} = {ACE959CF-8213-4670-A525-7FE188336843}
		{A21BCC3E-A75C-40B5-91B1-2253953B59AA} = {87C72E4A-C538-412C-8256-FCC0808B6B66}
		{14E3528C-2F6B-4296-BAD1-E91F32F679EC} = {A21BCC3E-A75C-40B5-91B1-2253953B59AA}
		{10490B79-2C4D-4B86-83DF-A2574AD3DE04} = {14E3528C-2F6B-4296-BAD1-E91F32F679EC}
		{44427A10-C34F-441E-AE0D-EE1B09D991A6} = {ACE959CF-8213-4670-A525-7FE188336843}
		{9C257B11-A2A1-4E1E-88DD-845E02E0B60F} = {5BAC57A7-56E7-4E7C-9118-24F61870BA91}
		{7D9414BD-3672-4CD5-BD70-79C31A3C50D2} = {A21BCC3E-A75C-40B5-91B1-2253953B59AA}
		{120B7821-549C-4C48-B381-B8BD0A705AAD} = {7D9414BD-3672-4CD5-BD70-79C31A3C50D2}
		{2A9714FE-3DF3-42C8-9D76-800A47804AAD} = {14E3528C-2F6B-4296-BAD1-E91F32F679EC}
		{5C03E3CF-6ACB-4C50-9EC5-8A3A620A643D} = {14E3528C-2F6B-4296-BAD1-E91F32F679EC}
		{351EC289-7778-4519-8478-D7DDBD3F5377} = {13BAFC88-5121-40D1-A62E-015667098D4A}
		{EF4E3CBE-23CA-4CC2-93E9-64FB81C74AE5} = {351EC289-7778-4519-8478-D7DDBD3F5377}
		{FB07869D-2C22-4570-98E2-F3242525C8B7} = {351EC289-7778-4519-8478-D7DDBD3F5377}
		{10EEECD9-C904-409B-A8FB-5A0B8284AA00} = {351EC289-7778-4519-8478-D7DDBD3F5377}
		{35AA460C-60F9-4CDB-BAEA-6A5BACBAE113} = {351EC289-7778-4519-8478-D7DDBD3F5377}
		{5D51621B-921B-46E8-8010-B76AFC15EC1B} = {351EC289-7778-4519-8478-D7DDBD3F5377}
		{55668641-B055-4BC1-93E7-C26ECE90FFF5} = {5D51621B-921B-46E8-8010-B76AFC15EC1B}
		{83F010C0-0973-4CCC-8F5D-AB478408CEB1} = {55668641-B055-4BC1-93E7-C26ECE90FFF5}
		{B5EA5D7E-6025-465C-A316-B8E0CCB642E2} = {55668641-B055-4BC1-93E7-C26ECE90FFF5}
		{3918B21B-EEBD-45CF-BD3C-CF80E83772BF} = {5D51621B-921B-46E8-8010-B76AFC15EC1B}
		{E9769402-62F5-4737-A787-905308BE0686} = {3918B21B-EEBD-45CF-BD3C-CF80E83772BF}
		{A1000BC1-497E-445D-ABF9-8C139C929FCC} = {9C257B11-A2A1-4E1E-88DD-845E02E0B60F}
		{15E3DB28-642C-4210-9167-DCDA8D6018CB} = {351EC289-7778-4519-8478-D7DDBD3F5377}
		{E5C49166-2286-4417-9E47-CED80D0E5192} = {AD2F15A2-813D-422E-A37D-BED8810752C6}
		{B53C828E-9CB3-4BF1-91E4-40ABDA18B104} = {AD2F15A2-813D-422E-A37D-BED8810752C6}
		{C17866BD-9B28-4516-B3D7-FCBEFE171801} = {AD2F15A2-813D-422E-A37D-BED8810752C6}
		{1721927B-A87B-435F-A8D0-6704AE2C9BCD} = {C17866BD-9B28-4516-B3D7-FCBEFE171801}
		{408D5534-752C-4A8F-9152-C9CF6F4BA771} = {1721927B-A87B-435F-A8D0-6704AE2C9BCD}
		{D68FA5A8-B7F9-4254-AB45-DE8865307B71} = {1721927B-A87B-435F-A8D0-6704AE2C9BCD}
		{1B30A1FB-30EA-41ED-B2CE-168447E57F62} = {87C72E4A-C538-412C-8256-FCC0808B6B66}
		{E6F09B37-DBB4-45BD-B81A-72A610BBE021} = {14E3528C-2F6B-4296-BAD1-E91F32F679EC}
		{5D153F77-0942-4DA5-8655-AEDB92339738} = {C17866BD-9B28-4516-B3D7-FCBEFE171801}
		{6D36FEB5-B1D5-4E6D-B3B4-18531447D5F7} = {5D153F77-0942-4DA5-8655-AEDB92339738}
		{909B33DD-BC66-411C-9CDD-27FCFB39A11E} = {5BAC57A7-56E7-4E7C-9118-24F61870BA91}
		{BB4BC444-008B-475A-9A8D-6F64FFE6B67F} = {909B33DD-BC66-411C-9CDD-27FCFB39A11E}
	EndGlobalSection
	GlobalSection(ExtensibilityGlobals) = postSolution
		SolutionGuid = {EA4F2302-DC43-4149-814A-609940BEC847}
	EndGlobalSection
EndGlobal
