
Microsoft Visual Studio Solution File, Format Version 12.00
# Visual Studio Version 17
VisualStudioVersion = 17.8.34004.107
MinimumVisualStudioVersion = 10.0.40219.1
Project("{2150E333-8FDC-42A3-9474-1A3956D46DE8}") = "Services", "Services", "{13BAFC88-5121-40D1-A62E-015667098D4A}"
EndProject
Project("{2150E333-8FDC-42A3-9474-1A3956D46DE8}") = "CouponService", "CouponService", "{7DB2D038-AB81-42F3-A016-FE76A264FA37}"
EndProject
Project("{2150E333-8FDC-42A3-9474-1A3956D46DE8}") = "AuthenticationService", "AuthenticationService", "{AD2F15A2-813D-422E-A37D-BED8810752C6}"
EndProject
Project("{9A19103F-16F7-4668-BE54-9A1E7A4F7556}") = "AppyNox.Services.Coupon.Application", "src\Services\CouponService\AppyNox.Services.Coupon.Application\AppyNox.Services.Coupon.Application.csproj", "{3DB023E9-CBF3-426F-B88D-880A245127C8}"
EndProject
Project("{9A19103F-16F7-4668-BE54-9A1E7A4F7556}") = "AppyNox.Services.Coupon.Domain", "src\Services\CouponService\AppyNox.Services.Coupon.Domain\AppyNox.Services.Coupon.Domain.csproj", "{07B0F981-2F18-4EB2-9581-3D561BB1D2D4}"
EndProject
Project("{9A19103F-16F7-4668-BE54-9A1E7A4F7556}") = "AppyNox.Services.Coupon.Infrastructure", "src\Services\CouponService\AppyNox.Services.Coupon.Infrastructure\AppyNox.Services.Coupon.Infrastructure.csproj", "{F911D5D1-7078-46E7-946B-E68DE5F849BF}"
EndProject
Project("{9A19103F-16F7-4668-BE54-9A1E7A4F7556}") = "AppyNox.Services.Coupon.WebAPI", "src\Services\CouponService\AppyNox.Services.Coupon.WebAPI\AppyNox.Services.Coupon.WebAPI.csproj", "{566BBC52-05A4-4629-BA78-25781BE4A360}"
EndProject
Project("{9A19103F-16F7-4668-BE54-9A1E7A4F7556}") = "AppyNox.Services.Authentication.Application", "src\Services\AuthenticationService\AppyNox.Services.Authentication.Application\AppyNox.Services.Authentication.Application.csproj", "{81CC2F92-1356-4A35-8FB0-FE409C11CDF4}"
EndProject
Project("{9A19103F-16F7-4668-BE54-9A1E7A4F7556}") = "AppyNox.Services.Authentication.Infrastructure", "src\Services\AuthenticationService\AppyNox.Services.Authentication.Infrastructure\AppyNox.Services.Authentication.Infrastructure.csproj", "{B2D6D09D-10E2-4015-A765-038A32259DE5}"
EndProject
Project("{9A19103F-16F7-4668-BE54-9A1E7A4F7556}") = "AppyNox.Services.Authentication.WebAPI", "src\Services\AuthenticationService\AppyNox.Services.Authentication.WebAPI\AppyNox.Services.Authentication.WebAPI.csproj", "{B2D3EB24-3B60-4F8F-80C7-9D07E8E22F36}"
EndProject
Project("{E53339B2-1760-4266-BCC7-CA923CBCF16C}") = "docker-compose", "docker-compose.dcproj", "{1A4309A8-D26E-4684-9717-B2AF2D6A1BEF}"
EndProject
Project("{2150E333-8FDC-42A3-9474-1A3956D46DE8}") = ".BaseService", ".BaseService", "{87C72E4A-C538-412C-8256-FCC0808B6B66}"
EndProject
Project("{9A19103F-16F7-4668-BE54-9A1E7A4F7556}") = "AppyNox.Services.Base.Infrastructure", "src\Services\.BaseService\AppyNox.Services.Base.Infrastructure\AppyNox.Services.Base.Infrastructure.csproj", "{8335B11D-B4C2-47CF-AA5D-D9E5534F0AF3}"
EndProject
Project("{9A19103F-16F7-4668-BE54-9A1E7A4F7556}") = "AppyNox.Services.Base.Domain", "src\Services\.BaseService\AppyNox.Services.Base.Domain\AppyNox.Services.Base.Domain.csproj", "{A673A4E1-B418-43D9-ADAE-B510D41C576E}"
EndProject
Project("{9A19103F-16F7-4668-BE54-9A1E7A4F7556}") = "AppyNox.Services.Base.Application", "src\Services\.BaseService\AppyNox.Services.Base.Application\AppyNox.Services.Base.Application.csproj", "{2EC376A3-DD57-487F-AFBC-6754A1DE7421}"
EndProject
Project("{2150E333-8FDC-42A3-9474-1A3956D46DE8}") = "Gateways", "Gateways", "{C1B4F7CE-9281-43C2-A02F-4B7B3946E9DA}"
EndProject
Project("{2150E333-8FDC-42A3-9474-1A3956D46DE8}") = "BuildingBlocks", "BuildingBlocks", "{CE4E6F5C-8B09-41BE-A985-252420CD1D9D}"
EndProject
Project("{2150E333-8FDC-42A3-9474-1A3956D46DE8}") = "EventBus", "EventBus", "{2B423076-D18F-4726-B4CC-9B79BF296FE8}"
EndProject
Project("{9A19103F-16F7-4668-BE54-9A1E7A4F7556}") = "AppyNox.EventBus.Base", "src\BuildingBlocks\EventBus\AppyNox.EventBus.Base\AppyNox.EventBus.Base.csproj", "{2FAC9EA8-4CD4-4D11-8C61-320DC46E9C14}"
EndProject
Project("{9A19103F-16F7-4668-BE54-9A1E7A4F7556}") = "AppyNox.EventBus.Factory", "src\BuildingBlocks\EventBus\AppyNox.EventBus.Factory\AppyNox.EventBus.Factory.csproj", "{8C9D29EC-A7F1-4490-A7EB-F984189A05A0}"
EndProject
Project("{9A19103F-16F7-4668-BE54-9A1E7A4F7556}") = "AppyNox.EventBus.RabbitMQ", "src\BuildingBlocks\EventBus\AppyNox.EventBus.RabbitMQ\AppyNox.EventBus.RabbitMQ.csproj", "{2F6F96BC-50A2-47EE-991F-D8675D509BEE}"
EndProject
Project("{9A19103F-16F7-4668-BE54-9A1E7A4F7556}") = "AppyNox.Services.Base.API", "src\Services\.BaseService\AppyNox.Services.Base.API\AppyNox.Services.Base.API.csproj", "{0549A281-4633-4993-B4C8-3DAA03B145C7}"
EndProject
Project("{9A19103F-16F7-4668-BE54-9A1E7A4F7556}") = "AppyNox.Gateway.OcelotGateway", "src\Gateways\AppyNox.Gateway.OcelotGateway\AppyNox.Gateway.OcelotGateway.csproj", "{0AEE4226-5753-4E72-A4D2-FACB5C8D863A}"
EndProject
Global
	GlobalSection(SolutionConfigurationPlatforms) = preSolution
		Debug|Any CPU = Debug|Any CPU
		Release|Any CPU = Release|Any CPU
	EndGlobalSection
	GlobalSection(ProjectConfigurationPlatforms) = postSolution
		{3DB023E9-CBF3-426F-B88D-880A245127C8}.Debug|Any CPU.ActiveCfg = Debug|Any CPU
		{3DB023E9-CBF3-426F-B88D-880A245127C8}.Debug|Any CPU.Build.0 = Debug|Any CPU
		{3DB023E9-CBF3-426F-B88D-880A245127C8}.Release|Any CPU.ActiveCfg = Release|Any CPU
		{3DB023E9-CBF3-426F-B88D-880A245127C8}.Release|Any CPU.Build.0 = Release|Any CPU
		{07B0F981-2F18-4EB2-9581-3D561BB1D2D4}.Debug|Any CPU.ActiveCfg = Debug|Any CPU
		{07B0F981-2F18-4EB2-9581-3D561BB1D2D4}.Debug|Any CPU.Build.0 = Debug|Any CPU
		{07B0F981-2F18-4EB2-9581-3D561BB1D2D4}.Release|Any CPU.ActiveCfg = Release|Any CPU
		{07B0F981-2F18-4EB2-9581-3D561BB1D2D4}.Release|Any CPU.Build.0 = Release|Any CPU
		{F911D5D1-7078-46E7-946B-E68DE5F849BF}.Debug|Any CPU.ActiveCfg = Debug|Any CPU
		{F911D5D1-7078-46E7-946B-E68DE5F849BF}.Debug|Any CPU.Build.0 = Debug|Any CPU
		{F911D5D1-7078-46E7-946B-E68DE5F849BF}.Release|Any CPU.ActiveCfg = Release|Any CPU
		{F911D5D1-7078-46E7-946B-E68DE5F849BF}.Release|Any CPU.Build.0 = Release|Any CPU
		{566BBC52-05A4-4629-BA78-25781BE4A360}.Debug|Any CPU.ActiveCfg = Debug|Any CPU
		{566BBC52-05A4-4629-BA78-25781BE4A360}.Debug|Any CPU.Build.0 = Debug|Any CPU
		{566BBC52-05A4-4629-BA78-25781BE4A360}.Release|Any CPU.ActiveCfg = Release|Any CPU
		{566BBC52-05A4-4629-BA78-25781BE4A360}.Release|Any CPU.Build.0 = Release|Any CPU
		{81CC2F92-1356-4A35-8FB0-FE409C11CDF4}.Debug|Any CPU.ActiveCfg = Debug|Any CPU
		{81CC2F92-1356-4A35-8FB0-FE409C11CDF4}.Debug|Any CPU.Build.0 = Debug|Any CPU
		{81CC2F92-1356-4A35-8FB0-FE409C11CDF4}.Release|Any CPU.ActiveCfg = Release|Any CPU
		{81CC2F92-1356-4A35-8FB0-FE409C11CDF4}.Release|Any CPU.Build.0 = Release|Any CPU
		{B2D6D09D-10E2-4015-A765-038A32259DE5}.Debug|Any CPU.ActiveCfg = Debug|Any CPU
		{B2D6D09D-10E2-4015-A765-038A32259DE5}.Debug|Any CPU.Build.0 = Debug|Any CPU
		{B2D6D09D-10E2-4015-A765-038A32259DE5}.Release|Any CPU.ActiveCfg = Release|Any CPU
		{B2D6D09D-10E2-4015-A765-038A32259DE5}.Release|Any CPU.Build.0 = Release|Any CPU
		{B2D3EB24-3B60-4F8F-80C7-9D07E8E22F36}.Debug|Any CPU.ActiveCfg = Debug|Any CPU
		{B2D3EB24-3B60-4F8F-80C7-9D07E8E22F36}.Debug|Any CPU.Build.0 = Debug|Any CPU
		{B2D3EB24-3B60-4F8F-80C7-9D07E8E22F36}.Release|Any CPU.ActiveCfg = Release|Any CPU
		{B2D3EB24-3B60-4F8F-80C7-9D07E8E22F36}.Release|Any CPU.Build.0 = Release|Any CPU
		{1A4309A8-D26E-4684-9717-B2AF2D6A1BEF}.Debug|Any CPU.ActiveCfg = Debug|Any CPU
		{1A4309A8-D26E-4684-9717-B2AF2D6A1BEF}.Debug|Any CPU.Build.0 = Debug|Any CPU
		{1A4309A8-D26E-4684-9717-B2AF2D6A1BEF}.Release|Any CPU.ActiveCfg = Release|Any CPU
		{1A4309A8-D26E-4684-9717-B2AF2D6A1BEF}.Release|Any CPU.Build.0 = Release|Any CPU
		{8335B11D-B4C2-47CF-AA5D-D9E5534F0AF3}.Debug|Any CPU.ActiveCfg = Debug|Any CPU
		{8335B11D-B4C2-47CF-AA5D-D9E5534F0AF3}.Debug|Any CPU.Build.0 = Debug|Any CPU
		{8335B11D-B4C2-47CF-AA5D-D9E5534F0AF3}.Release|Any CPU.ActiveCfg = Release|Any CPU
		{8335B11D-B4C2-47CF-AA5D-D9E5534F0AF3}.Release|Any CPU.Build.0 = Release|Any CPU
		{A673A4E1-B418-43D9-ADAE-B510D41C576E}.Debug|Any CPU.ActiveCfg = Debug|Any CPU
		{A673A4E1-B418-43D9-ADAE-B510D41C576E}.Debug|Any CPU.Build.0 = Debug|Any CPU
		{A673A4E1-B418-43D9-ADAE-B510D41C576E}.Release|Any CPU.ActiveCfg = Release|Any CPU
		{A673A4E1-B418-43D9-ADAE-B510D41C576E}.Release|Any CPU.Build.0 = Release|Any CPU
		{2EC376A3-DD57-487F-AFBC-6754A1DE7421}.Debug|Any CPU.ActiveCfg = Debug|Any CPU
		{2EC376A3-DD57-487F-AFBC-6754A1DE7421}.Debug|Any CPU.Build.0 = Debug|Any CPU
		{2EC376A3-DD57-487F-AFBC-6754A1DE7421}.Release|Any CPU.ActiveCfg = Release|Any CPU
		{2EC376A3-DD57-487F-AFBC-6754A1DE7421}.Release|Any CPU.Build.0 = Release|Any CPU
		{2FAC9EA8-4CD4-4D11-8C61-320DC46E9C14}.Debug|Any CPU.ActiveCfg = Debug|Any CPU
		{2FAC9EA8-4CD4-4D11-8C61-320DC46E9C14}.Debug|Any CPU.Build.0 = Debug|Any CPU
		{2FAC9EA8-4CD4-4D11-8C61-320DC46E9C14}.Release|Any CPU.ActiveCfg = Release|Any CPU
		{2FAC9EA8-4CD4-4D11-8C61-320DC46E9C14}.Release|Any CPU.Build.0 = Release|Any CPU
		{8C9D29EC-A7F1-4490-A7EB-F984189A05A0}.Debug|Any CPU.ActiveCfg = Debug|Any CPU
		{8C9D29EC-A7F1-4490-A7EB-F984189A05A0}.Debug|Any CPU.Build.0 = Debug|Any CPU
		{8C9D29EC-A7F1-4490-A7EB-F984189A05A0}.Release|Any CPU.ActiveCfg = Release|Any CPU
		{8C9D29EC-A7F1-4490-A7EB-F984189A05A0}.Release|Any CPU.Build.0 = Release|Any CPU
		{2F6F96BC-50A2-47EE-991F-D8675D509BEE}.Debug|Any CPU.ActiveCfg = Debug|Any CPU
		{2F6F96BC-50A2-47EE-991F-D8675D509BEE}.Debug|Any CPU.Build.0 = Debug|Any CPU
		{2F6F96BC-50A2-47EE-991F-D8675D509BEE}.Release|Any CPU.ActiveCfg = Release|Any CPU
		{2F6F96BC-50A2-47EE-991F-D8675D509BEE}.Release|Any CPU.Build.0 = Release|Any CPU
		{0549A281-4633-4993-B4C8-3DAA03B145C7}.Debug|Any CPU.ActiveCfg = Debug|Any CPU
		{0549A281-4633-4993-B4C8-3DAA03B145C7}.Debug|Any CPU.Build.0 = Debug|Any CPU
		{0549A281-4633-4993-B4C8-3DAA03B145C7}.Release|Any CPU.ActiveCfg = Release|Any CPU
		{0549A281-4633-4993-B4C8-3DAA03B145C7}.Release|Any CPU.Build.0 = Release|Any CPU
		{0AEE4226-5753-4E72-A4D2-FACB5C8D863A}.Debug|Any CPU.ActiveCfg = Debug|Any CPU
		{0AEE4226-5753-4E72-A4D2-FACB5C8D863A}.Debug|Any CPU.Build.0 = Debug|Any CPU
		{0AEE4226-5753-4E72-A4D2-FACB5C8D863A}.Release|Any CPU.ActiveCfg = Release|Any CPU
		{0AEE4226-5753-4E72-A4D2-FACB5C8D863A}.Release|Any CPU.Build.0 = Release|Any CPU
	EndGlobalSection
	GlobalSection(SolutionProperties) = preSolution
		HideSolutionNode = FALSE
	EndGlobalSection
	GlobalSection(NestedProjects) = preSolution
		{7DB2D038-AB81-42F3-A016-FE76A264FA37} = {13BAFC88-5121-40D1-A62E-015667098D4A}
		{AD2F15A2-813D-422E-A37D-BED8810752C6} = {13BAFC88-5121-40D1-A62E-015667098D4A}
		{3DB023E9-CBF3-426F-B88D-880A245127C8} = {7DB2D038-AB81-42F3-A016-FE76A264FA37}
		{07B0F981-2F18-4EB2-9581-3D561BB1D2D4} = {7DB2D038-AB81-42F3-A016-FE76A264FA37}
		{F911D5D1-7078-46E7-946B-E68DE5F849BF} = {7DB2D038-AB81-42F3-A016-FE76A264FA37}
		{566BBC52-05A4-4629-BA78-25781BE4A360} = {7DB2D038-AB81-42F3-A016-FE76A264FA37}
		{81CC2F92-1356-4A35-8FB0-FE409C11CDF4} = {AD2F15A2-813D-422E-A37D-BED8810752C6}
		{B2D6D09D-10E2-4015-A765-038A32259DE5} = {AD2F15A2-813D-422E-A37D-BED8810752C6}
		{B2D3EB24-3B60-4F8F-80C7-9D07E8E22F36} = {AD2F15A2-813D-422E-A37D-BED8810752C6}
		{87C72E4A-C538-412C-8256-FCC0808B6B66} = {13BAFC88-5121-40D1-A62E-015667098D4A}
		{8335B11D-B4C2-47CF-AA5D-D9E5534F0AF3} = {87C72E4A-C538-412C-8256-FCC0808B6B66}
		{A673A4E1-B418-43D9-ADAE-B510D41C576E} = {87C72E4A-C538-412C-8256-FCC0808B6B66}
		{2EC376A3-DD57-487F-AFBC-6754A1DE7421} = {87C72E4A-C538-412C-8256-FCC0808B6B66}
		{2B423076-D18F-4726-B4CC-9B79BF296FE8} = {CE4E6F5C-8B09-41BE-A985-252420CD1D9D}
		{2FAC9EA8-4CD4-4D11-8C61-320DC46E9C14} = {2B423076-D18F-4726-B4CC-9B79BF296FE8}
		{8C9D29EC-A7F1-4490-A7EB-F984189A05A0} = {2B423076-D18F-4726-B4CC-9B79BF296FE8}
		{2F6F96BC-50A2-47EE-991F-D8675D509BEE} = {2B423076-D18F-4726-B4CC-9B79BF296FE8}
		{0549A281-4633-4993-B4C8-3DAA03B145C7} = {87C72E4A-C538-412C-8256-FCC0808B6B66}
		{0AEE4226-5753-4E72-A4D2-FACB5C8D863A} = {C1B4F7CE-9281-43C2-A02F-4B7B3946E9DA}
	EndGlobalSection
	GlobalSection(ExtensibilityGlobals) = postSolution
		SolutionGuid = {EA4F2302-DC43-4149-814A-609940BEC847}
	EndGlobalSection
EndGlobal
